
Microsoft Visual Studio Solution File, Format Version 12.00
# Visual Studio Version 17
VisualStudioVersion = 17.12.35514.174
MinimumVisualStudioVersion = 10.0.40219.1
Project("{2150E333-8FDC-42A3-9474-1A3956D46DE8}") = "src", "src", "{397A784D-16D0-4DC2-8609-3EE0EF18998F}"
EndProject
Project("{2150E333-8FDC-42A3-9474-1A3956D46DE8}") = "tests", "tests", "{A26C0EB7-E4A7-4335-8423-E8AEE9EF1738}"
EndProject
Project("{2150E333-8FDC-42A3-9474-1A3956D46DE8}") = "Solution Items", "Solution Items", "{5B1FED39-FC54-4EF3-8748-6464DF89C5EA}"
	ProjectSection(SolutionItems) = preProject
		LICENSE.txt = LICENSE.txt
		README.md = README.md
	EndProjectSection
EndProject
Project("{FAE04EC0-301F-11D3-BF4B-00C04F79EFBC}") = "Moongazing.OrionGuard", "src\Moongazing.OrionGuard\Moongazing.OrionGuard.csproj", "{0F64A4DD-F6F0-4F57-BC0C-2E94D8E45450}"
EndProject
Project("{FAE04EC0-301F-11D3-BF4B-00C04F79EFBC}") = "Moongazing.OrionGuard.Tests", "tests\Moongazing.OrionGuard.Tests\Moongazing.OrionGuard.Tests.csproj", "{0E0B58CD-694D-43EE-91B5-82CD7ADB8144}"
EndProject
Global
	GlobalSection(SolutionConfigurationPlatforms) = preSolution
		Debug|Any CPU = Debug|Any CPU
		Release|Any CPU = Release|Any CPU
	EndGlobalSection
	GlobalSection(ProjectConfigurationPlatforms) = postSolution
		{0F64A4DD-F6F0-4F57-BC0C-2E94D8E45450}.Debug|Any CPU.ActiveCfg = Debug|Any CPU
		{0F64A4DD-F6F0-4F57-BC0C-2E94D8E45450}.Debug|Any CPU.Build.0 = Debug|Any CPU
		{0F64A4DD-F6F0-4F57-BC0C-2E94D8E45450}.Release|Any CPU.ActiveCfg = Release|Any CPU
		{0F64A4DD-F6F0-4F57-BC0C-2E94D8E45450}.Release|Any CPU.Build.0 = Release|Any CPU
		{0E0B58CD-694D-43EE-91B5-82CD7ADB8144}.Debug|Any CPU.ActiveCfg = Debug|Any CPU
		{0E0B58CD-694D-43EE-91B5-82CD7ADB8144}.Debug|Any CPU.Build.0 = Debug|Any CPU
		{0E0B58CD-694D-43EE-91B5-82CD7ADB8144}.Release|Any CPU.ActiveCfg = Release|Any CPU
		{0E0B58CD-694D-43EE-91B5-82CD7ADB8144}.Release|Any CPU.Build.0 = Release|Any CPU
	EndGlobalSection
	GlobalSection(SolutionProperties) = preSolution
		HideSolutionNode = FALSE
	EndGlobalSection
	GlobalSection(NestedProjects) = preSolution
		{0F64A4DD-F6F0-4F57-BC0C-2E94D8E45450} = {397A784D-16D0-4DC2-8609-3EE0EF18998F}
		{0E0B58CD-694D-43EE-91B5-82CD7ADB8144} = {A26C0EB7-E4A7-4335-8423-E8AEE9EF1738}
	EndGlobalSection
EndGlobal
